// !$*UTF8*$!
{
	archiveVersion = 1;
	classes = {
	};
	objectVersion = 46;
	objects = {

/* Begin PBXBuildFile section */
		4D206B131FD2C28E0001F9A0 /* Network.swift in Sources */ = {isa = PBXBuildFile; fileRef = 4D206B121FD2C28E0001F9A0 /* Network.swift */; };
		4D32D5611FDA8818000A8EE3 /* icon152.png in Resources */ = {isa = PBXBuildFile; fileRef = 4D32D5541FDA880D000A8EE3 /* icon152.png */; };
		4D32D5621FDA8818000A8EE3 /* icon60.png in Resources */ = {isa = PBXBuildFile; fileRef = 4D32D5551FDA880E000A8EE3 /* icon60.png */; };
		4D32D5631FDA8818000A8EE3 /* icon76.png in Resources */ = {isa = PBXBuildFile; fileRef = 4D32D5561FDA880F000A8EE3 /* icon76.png */; };
		4D32D5641FDA8818000A8EE3 /* icon29.png in Resources */ = {isa = PBXBuildFile; fileRef = 4D32D5571FDA8810000A8EE3 /* icon29.png */; };
		4D32D5651FDA8818000A8EE3 /* icon20.png in Resources */ = {isa = PBXBuildFile; fileRef = 4D32D5581FDA8811000A8EE3 /* icon20.png */; };
		4D32D5661FDA8818000A8EE3 /* icon40.png in Resources */ = {isa = PBXBuildFile; fileRef = 4D32D5591FDA8812000A8EE3 /* icon40.png */; };
		4D32D5671FDA8818000A8EE3 /* icon87.png in Resources */ = {isa = PBXBuildFile; fileRef = 4D32D55A1FDA8812000A8EE3 /* icon87.png */; };
		4D32D5681FDA8818000A8EE3 /* icon1024.png in Resources */ = {isa = PBXBuildFile; fileRef = 4D32D55B1FDA8813000A8EE3 /* icon1024.png */; };
		4D32D5691FDA8818000A8EE3 /* icon80.png in Resources */ = {isa = PBXBuildFile; fileRef = 4D32D55C1FDA8815000A8EE3 /* icon80.png */; };
		4D32D56A1FDA8818000A8EE3 /* icon180.png in Resources */ = {isa = PBXBuildFile; fileRef = 4D32D55D1FDA8816000A8EE3 /* icon180.png */; };
		4D32D56B1FDA8818000A8EE3 /* icon120.png in Resources */ = {isa = PBXBuildFile; fileRef = 4D32D55E1FDA8816000A8EE3 /* icon120.png */; };
		4D32D56C1FDA8818000A8EE3 /* icon58.png in Resources */ = {isa = PBXBuildFile; fileRef = 4D32D55F1FDA8817000A8EE3 /* icon58.png */; };
		4D32D56D1FDA8818000A8EE3 /* icon167.png in Resources */ = {isa = PBXBuildFile; fileRef = 4D32D5601FDA8818000A8EE3 /* icon167.png */; };
		4D41CFC51FC9952800BAF702 /* FollowersCaching.swift in Sources */ = {isa = PBXBuildFile; fileRef = 4D41CFC41FC9952800BAF702 /* FollowersCaching.swift */; };
		940A9F381FB5A0A300308576 /* FollowerMock.swift in Sources */ = {isa = PBXBuildFile; fileRef = 940A9F371FB5A0A300308576 /* FollowerMock.swift */; };
		944DEE771FB59D4700F076FC /* FollowersGetProtocol.swift in Sources */ = {isa = PBXBuildFile; fileRef = 944DEE761FB59D4700F076FC /* FollowersGetProtocol.swift */; };
		947429AF1FCDD01F0065194C /* MainViewController.swift in Sources */ = {isa = PBXBuildFile; fileRef = 947429AE1FCDD01F0065194C /* MainViewController.swift */; };
		94CBDAA71F9E068C00F9369E /* AppDelegate.swift in Sources */ = {isa = PBXBuildFile; fileRef = 94CBDAA61F9E068C00F9369E /* AppDelegate.swift */; };
		94CBDAA91F9E068C00F9369E /* ViewController.swift in Sources */ = {isa = PBXBuildFile; fileRef = 94CBDAA81F9E068C00F9369E /* ViewController.swift */; };
		94CBDAAE1F9E068C00F9369E /* Assets.xcassets in Resources */ = {isa = PBXBuildFile; fileRef = 94CBDAAD1F9E068C00F9369E /* Assets.xcassets */; };
		94CBDAB11F9E068C00F9369E /* LaunchScreen.storyboard in Resources */ = {isa = PBXBuildFile; fileRef = 94CBDAAF1F9E068C00F9369E /* LaunchScreen.storyboard */; };
		94F036881FA0BDF600010CBF /* LoginViewController.swift in Sources */ = {isa = PBXBuildFile; fileRef = 94F036871FA0BDF600010CBF /* LoginViewController.swift */; };
		94F036931FA0BFF300010CBF /* InstagramAPI.swift in Sources */ = {isa = PBXBuildFile; fileRef = 94F036921FA0BFF300010CBF /* InstagramAPI.swift */; };
		9CFE916735222923FAFD606A /* Pods_FollowersCheck.framework in Frameworks */ = {isa = PBXBuildFile; fileRef = 02029442AFF7EF4E67D4B5F5 /* Pods_FollowersCheck.framework */; };
		AE56651D1FC992B600DFA5A9 /* FollowersTableViewController.swift in Sources */ = {isa = PBXBuildFile; fileRef = AE56651C1FC992B600DFA5A9 /* FollowersTableViewController.swift */; };
		AE5665271FC9931B00DFA5A9 /* ProfileTableViewCell.swift in Sources */ = {isa = PBXBuildFile; fileRef = AE5665251FC9931B00DFA5A9 /* ProfileTableViewCell.swift */; };
		AE5665281FC9931B00DFA5A9 /* ProfileTableViewCell.xib in Resources */ = {isa = PBXBuildFile; fileRef = AE5665261FC9931B00DFA5A9 /* ProfileTableViewCell.xib */; };
		AE93FCCA1FC04AF1000E837D /* Main.storyboard in Resources */ = {isa = PBXBuildFile; fileRef = AE93FCC91FC04AF1000E837D /* Main.storyboard */; };
		AE93FCCC1FC0500B000E837D /* FollowerListViewController.swift in Sources */ = {isa = PBXBuildFile; fileRef = AE93FCCB1FC0500B000E837D /* FollowerListViewController.swift */; };
		AE93FCCE1FC050DD000E837D /* UserViewCell.swift in Sources */ = {isa = PBXBuildFile; fileRef = AE93FCCD1FC050DD000E837D /* UserViewCell.swift */; };
		AE93FCD01FC062E4000E837D /* FollowerDownloader.swift in Sources */ = {isa = PBXBuildFile; fileRef = AE93FCCF1FC062E4000E837D /* FollowerDownloader.swift */; };
		AEBBAD451FC5B23E00C31379 /* SectionTableViewCell.swift in Sources */ = {isa = PBXBuildFile; fileRef = AEBBAD431FC5B23E00C31379 /* SectionTableViewCell.swift */; };
		AEBBAD461FC5B23E00C31379 /* SectionTableViewCell.xib in Resources */ = {isa = PBXBuildFile; fileRef = AEBBAD441FC5B23E00C31379 /* SectionTableViewCell.xib */; };
/* End PBXBuildFile section */

/* Begin PBXCopyFilesBuildPhase section */
		94EB5F0F1F9E0AF500BB62C1 /* Embed Frameworks */ = {
			isa = PBXCopyFilesBuildPhase;
			buildActionMask = 2147483647;
			dstPath = "";
			dstSubfolderSpec = 10;
			files = (
			);
			name = "Embed Frameworks";
			runOnlyForDeploymentPostprocessing = 0;
		};
/* End PBXCopyFilesBuildPhase section */

/* Begin PBXFileReference section */
		02029442AFF7EF4E67D4B5F5 /* Pods_FollowersCheck.framework */ = {isa = PBXFileReference; explicitFileType = wrapper.framework; includeInIndex = 0; path = Pods_FollowersCheck.framework; sourceTree = BUILT_PRODUCTS_DIR; };
		1AF800F4B8578D1AB12FD98E /* Pods-FollowersCheck.release.xcconfig */ = {isa = PBXFileReference; includeInIndex = 1; lastKnownFileType = text.xcconfig; name = "Pods-FollowersCheck.release.xcconfig"; path = "Pods/Target Support Files/Pods-FollowersCheck/Pods-FollowersCheck.release.xcconfig"; sourceTree = "<group>"; };
		3FDD632E253584FFC64EA256 /* Pods-FollowersCheck.debug.xcconfig */ = {isa = PBXFileReference; includeInIndex = 1; lastKnownFileType = text.xcconfig; name = "Pods-FollowersCheck.debug.xcconfig"; path = "Pods/Target Support Files/Pods-FollowersCheck/Pods-FollowersCheck.debug.xcconfig"; sourceTree = "<group>"; };
		4D206B121FD2C28E0001F9A0 /* Network.swift */ = {isa = PBXFileReference; lastKnownFileType = sourcecode.swift; path = Network.swift; sourceTree = "<group>"; };
		4D32D5541FDA880D000A8EE3 /* icon152.png */ = {isa = PBXFileReference; lastKnownFileType = image.png; path = icon152.png; sourceTree = "<group>"; };
		4D32D5551FDA880E000A8EE3 /* icon60.png */ = {isa = PBXFileReference; lastKnownFileType = image.png; path = icon60.png; sourceTree = "<group>"; };
		4D32D5561FDA880F000A8EE3 /* icon76.png */ = {isa = PBXFileReference; lastKnownFileType = image.png; path = icon76.png; sourceTree = "<group>"; };
		4D32D5571FDA8810000A8EE3 /* icon29.png */ = {isa = PBXFileReference; lastKnownFileType = image.png; path = icon29.png; sourceTree = "<group>"; };
		4D32D5581FDA8811000A8EE3 /* icon20.png */ = {isa = PBXFileReference; lastKnownFileType = image.png; path = icon20.png; sourceTree = "<group>"; };
		4D32D5591FDA8812000A8EE3 /* icon40.png */ = {isa = PBXFileReference; lastKnownFileType = image.png; path = icon40.png; sourceTree = "<group>"; };
		4D32D55A1FDA8812000A8EE3 /* icon87.png */ = {isa = PBXFileReference; lastKnownFileType = image.png; path = icon87.png; sourceTree = "<group>"; };
		4D32D55B1FDA8813000A8EE3 /* icon1024.png */ = {isa = PBXFileReference; lastKnownFileType = image.png; path = icon1024.png; sourceTree = "<group>"; };
		4D32D55C1FDA8815000A8EE3 /* icon80.png */ = {isa = PBXFileReference; lastKnownFileType = image.png; path = icon80.png; sourceTree = "<group>"; };
		4D32D55D1FDA8816000A8EE3 /* icon180.png */ = {isa = PBXFileReference; lastKnownFileType = image.png; path = icon180.png; sourceTree = "<group>"; };
		4D32D55E1FDA8816000A8EE3 /* icon120.png */ = {isa = PBXFileReference; lastKnownFileType = image.png; path = icon120.png; sourceTree = "<group>"; };
		4D32D55F1FDA8817000A8EE3 /* icon58.png */ = {isa = PBXFileReference; lastKnownFileType = image.png; path = icon58.png; sourceTree = "<group>"; };
		4D32D5601FDA8818000A8EE3 /* icon167.png */ = {isa = PBXFileReference; lastKnownFileType = image.png; path = icon167.png; sourceTree = "<group>"; };
		4D41CFC41FC9952800BAF702 /* FollowersCaching.swift */ = {isa = PBXFileReference; lastKnownFileType = sourcecode.swift; path = FollowersCaching.swift; sourceTree = "<group>"; };
		940A9F371FB5A0A300308576 /* FollowerMock.swift */ = {isa = PBXFileReference; lastKnownFileType = sourcecode.swift; path = FollowerMock.swift; sourceTree = "<group>"; };
		944DEE761FB59D4700F076FC /* FollowersGetProtocol.swift */ = {isa = PBXFileReference; lastKnownFileType = sourcecode.swift; path = FollowersGetProtocol.swift; sourceTree = "<group>"; };
		947429AE1FCDD01F0065194C /* MainViewController.swift */ = {isa = PBXFileReference; fileEncoding = 4; lastKnownFileType = sourcecode.swift; path = MainViewController.swift; sourceTree = "<group>"; };
		94CBDAA31F9E068C00F9369E /* FollowersCheck.app */ = {isa = PBXFileReference; explicitFileType = wrapper.application; includeInIndex = 0; path = FollowersCheck.app; sourceTree = BUILT_PRODUCTS_DIR; };
		94CBDAA61F9E068C00F9369E /* AppDelegate.swift */ = {isa = PBXFileReference; lastKnownFileType = sourcecode.swift; path = AppDelegate.swift; sourceTree = "<group>"; };
		94CBDAA81F9E068C00F9369E /* ViewController.swift */ = {isa = PBXFileReference; lastKnownFileType = sourcecode.swift; path = ViewController.swift; sourceTree = "<group>"; };
		94CBDAAD1F9E068C00F9369E /* Assets.xcassets */ = {isa = PBXFileReference; lastKnownFileType = folder.assetcatalog; path = Assets.xcassets; sourceTree = "<group>"; };
		94CBDAB01F9E068C00F9369E /* Base */ = {isa = PBXFileReference; lastKnownFileType = file.storyboard; name = Base; path = Base.lproj/LaunchScreen.storyboard; sourceTree = "<group>"; };
		94CBDAB21F9E068C00F9369E /* Info.plist */ = {isa = PBXFileReference; lastKnownFileType = text.plist.xml; path = Info.plist; sourceTree = "<group>"; };
		94F036871FA0BDF600010CBF /* LoginViewController.swift */ = {isa = PBXFileReference; lastKnownFileType = sourcecode.swift; path = LoginViewController.swift; sourceTree = "<group>"; };
		94F036921FA0BFF300010CBF /* InstagramAPI.swift */ = {isa = PBXFileReference; lastKnownFileType = sourcecode.swift; path = InstagramAPI.swift; sourceTree = "<group>"; };
		AE56651C1FC992B600DFA5A9 /* FollowersTableViewController.swift */ = {isa = PBXFileReference; lastKnownFileType = sourcecode.swift; path = FollowersTableViewController.swift; sourceTree = "<group>"; };
		AE5665251FC9931B00DFA5A9 /* ProfileTableViewCell.swift */ = {isa = PBXFileReference; lastKnownFileType = sourcecode.swift; path = ProfileTableViewCell.swift; sourceTree = "<group>"; };
		AE5665261FC9931B00DFA5A9 /* ProfileTableViewCell.xib */ = {isa = PBXFileReference; lastKnownFileType = file.xib; path = ProfileTableViewCell.xib; sourceTree = "<group>"; };
		AE93FCC91FC04AF1000E837D /* Main.storyboard */ = {isa = PBXFileReference; fileEncoding = 4; lastKnownFileType = file.storyboard; name = Main.storyboard; path = FollowersCheck/Main.storyboard; sourceTree = SOURCE_ROOT; };
		AE93FCCB1FC0500B000E837D /* FollowerListViewController.swift */ = {isa = PBXFileReference; lastKnownFileType = sourcecode.swift; path = FollowerListViewController.swift; sourceTree = "<group>"; };
		AE93FCCD1FC050DD000E837D /* UserViewCell.swift */ = {isa = PBXFileReference; lastKnownFileType = sourcecode.swift; path = UserViewCell.swift; sourceTree = "<group>"; };
		AE93FCCF1FC062E4000E837D /* FollowerDownloader.swift */ = {isa = PBXFileReference; lastKnownFileType = sourcecode.swift; path = FollowerDownloader.swift; sourceTree = "<group>"; };
		AEBBAD431FC5B23E00C31379 /* SectionTableViewCell.swift */ = {isa = PBXFileReference; lastKnownFileType = sourcecode.swift; path = SectionTableViewCell.swift; sourceTree = "<group>"; };
		AEBBAD441FC5B23E00C31379 /* SectionTableViewCell.xib */ = {isa = PBXFileReference; lastKnownFileType = file.xib; path = SectionTableViewCell.xib; sourceTree = "<group>"; };
/* End PBXFileReference section */

/* Begin PBXFrameworksBuildPhase section */
		94CBDAA01F9E068C00F9369E /* Frameworks */ = {
			isa = PBXFrameworksBuildPhase;
			buildActionMask = 2147483647;
			files = (
				9CFE916735222923FAFD606A /* Pods_FollowersCheck.framework in Frameworks */,
			);
			runOnlyForDeploymentPostprocessing = 0;
		};
/* End PBXFrameworksBuildPhase section */

/* Begin PBXGroup section */
		085F4C4901BACB62B0CEC573 /* Frameworks */ = {
			isa = PBXGroup;
			children = (
				02029442AFF7EF4E67D4B5F5 /* Pods_FollowersCheck.framework */,
			);
			name = Frameworks;
			sourceTree = "<group>";
		};
		4AF510119CE873C5FEA54D9D /* Pods */ = {
			isa = PBXGroup;
			children = (
				3FDD632E253584FFC64EA256 /* Pods-FollowersCheck.debug.xcconfig */,
				1AF800F4B8578D1AB12FD98E /* Pods-FollowersCheck.release.xcconfig */,
			);
			name = Pods;
			sourceTree = "<group>";
		};
		4D32D5531FDA862B000A8EE3 /* Icons */ = {
			isa = PBXGroup;
			children = (
				4D32D5581FDA8811000A8EE3 /* icon20.png */,
				4D32D5571FDA8810000A8EE3 /* icon29.png */,
				4D32D5591FDA8812000A8EE3 /* icon40.png */,
				4D32D55F1FDA8817000A8EE3 /* icon58.png */,
				4D32D5551FDA880E000A8EE3 /* icon60.png */,
				4D32D5561FDA880F000A8EE3 /* icon76.png */,
				4D32D55C1FDA8815000A8EE3 /* icon80.png */,
				4D32D55A1FDA8812000A8EE3 /* icon87.png */,
				4D32D55E1FDA8816000A8EE3 /* icon120.png */,
				4D32D5541FDA880D000A8EE3 /* icon152.png */,
				4D32D5601FDA8818000A8EE3 /* icon167.png */,
				4D32D55D1FDA8816000A8EE3 /* icon180.png */,
				4D32D55B1FDA8813000A8EE3 /* icon1024.png */,
			);
			path = Icons;
			sourceTree = "<group>";
		};
		94CBDA9A1F9E068C00F9369E = {
			isa = PBXGroup;
			children = (
				94CBDAA51F9E068C00F9369E /* FollowersCheck */,
				94CBDAA41F9E068C00F9369E /* Products */,
				4AF510119CE873C5FEA54D9D /* Pods */,
				085F4C4901BACB62B0CEC573 /* Frameworks */,
			);
			sourceTree = "<group>";
		};
		94CBDAA41F9E068C00F9369E /* Products */ = {
			isa = PBXGroup;
			children = (
				94CBDAA31F9E068C00F9369E /* FollowersCheck.app */,
			);
			name = Products;
			sourceTree = "<group>";
		};
		94CBDAA51F9E068C00F9369E /* FollowersCheck */ = {
			isa = PBXGroup;
			children = (
				4D32D5531FDA862B000A8EE3 /* Icons */,
				947429AE1FCDD01F0065194C /* MainViewController.swift */,
				94CBDAA61F9E068C00F9369E /* AppDelegate.swift */,
				94F036871FA0BDF600010CBF /* LoginViewController.swift */,
				AE93FCC91FC04AF1000E837D /* Main.storyboard */,
				AE93FCCB1FC0500B000E837D /* FollowerListViewController.swift */,
				AE93FCCD1FC050DD000E837D /* UserViewCell.swift */,
				94F036921FA0BFF300010CBF /* InstagramAPI.swift */,
				4D206B121FD2C28E0001F9A0 /* Network.swift */,
				940A9F371FB5A0A300308576 /* FollowerMock.swift */,
				AE93FCCF1FC062E4000E837D /* FollowerDownloader.swift */,
				944DEE761FB59D4700F076FC /* FollowersGetProtocol.swift */,
				4D41CFC41FC9952800BAF702 /* FollowersCaching.swift */,
				94CBDAA81F9E068C00F9369E /* ViewController.swift */,
				AE56651C1FC992B600DFA5A9 /* FollowersTableViewController.swift */,
				94CBDAAD1F9E068C00F9369E /* Assets.xcassets */,
				94CBDAAF1F9E068C00F9369E /* LaunchScreen.storyboard */,
				94CBDAB21F9E068C00F9369E /* Info.plist */,
				AEBBAD431FC5B23E00C31379 /* SectionTableViewCell.swift */,
				AEBBAD441FC5B23E00C31379 /* SectionTableViewCell.xib */,
				AE5665251FC9931B00DFA5A9 /* ProfileTableViewCell.swift */,
				AE5665261FC9931B00DFA5A9 /* ProfileTableViewCell.xib */,
			);
			path = FollowersCheck;
			sourceTree = "<group>";
		};
/* End PBXGroup section */

/* Begin PBXNativeTarget section */
		94CBDAA21F9E068C00F9369E /* FollowersCheck */ = {
			isa = PBXNativeTarget;
			buildConfigurationList = 94CBDAB51F9E068C00F9369E /* Build configuration list for PBXNativeTarget "FollowersCheck" */;
			buildPhases = (
				8A652D723729CC45667325A4 /* [CP] Check Pods Manifest.lock */,
				94CBDA9F1F9E068C00F9369E /* Sources */,
				94CBDAA01F9E068C00F9369E /* Frameworks */,
				94CBDAA11F9E068C00F9369E /* Resources */,
				94EB5F0F1F9E0AF500BB62C1 /* Embed Frameworks */,
				9C4BFB5D996DC0A559D13457 /* [CP] Embed Pods Frameworks */,
				D92219852B3926848C47A115 /* [CP] Copy Pods Resources */,
			);
			buildRules = (
			);
			dependencies = (
			);
			name = FollowersCheck;
			productName = FollowersCheck;
			productReference = 94CBDAA31F9E068C00F9369E /* FollowersCheck.app */;
			productType = "com.apple.product-type.application";
		};
/* End PBXNativeTarget section */

/* Begin PBXProject section */
		94CBDA9B1F9E068C00F9369E /* Project object */ = {
			isa = PBXProject;
			attributes = {
				LastSwiftUpdateCheck = 0830;
				LastUpgradeCheck = 0900;
				ORGANIZATIONNAME = PMUGroup;
				TargetAttributes = {
					94CBDAA21F9E068C00F9369E = {
						CreatedOnToolsVersion = 8.3.3;
						DevelopmentTeam = 9XE57L34DX;
						LastSwiftMigration = 0910;
						ProvisioningStyle = Automatic;
					};
				};
			};
			buildConfigurationList = 94CBDA9E1F9E068C00F9369E /* Build configuration list for PBXProject "FollowersCheck" */;
			compatibilityVersion = "Xcode 3.2";
			developmentRegion = English;
			hasScannedForEncodings = 0;
			knownRegions = (
				en,
				Base,
			);
			mainGroup = 94CBDA9A1F9E068C00F9369E;
			productRefGroup = 94CBDAA41F9E068C00F9369E /* Products */;
			projectDirPath = "";
			projectRoot = "";
			targets = (
				94CBDAA21F9E068C00F9369E /* FollowersCheck */,
			);
		};
/* End PBXProject section */

/* Begin PBXResourcesBuildPhase section */
		94CBDAA11F9E068C00F9369E /* Resources */ = {
			isa = PBXResourcesBuildPhase;
			buildActionMask = 2147483647;
			files = (
				4D32D5691FDA8818000A8EE3 /* icon80.png in Resources */,
				AE93FCCA1FC04AF1000E837D /* Main.storyboard in Resources */,
				4D32D5671FDA8818000A8EE3 /* icon87.png in Resources */,
				94CBDAB11F9E068C00F9369E /* LaunchScreen.storyboard in Resources */,
				AE5665281FC9931B00DFA5A9 /* ProfileTableViewCell.xib in Resources */,
				4D32D5661FDA8818000A8EE3 /* icon40.png in Resources */,
				4D32D5631FDA8818000A8EE3 /* icon76.png in Resources */,
				4D32D5651FDA8818000A8EE3 /* icon20.png in Resources */,
				4D32D56C1FDA8818000A8EE3 /* icon58.png in Resources */,
				4D32D5621FDA8818000A8EE3 /* icon60.png in Resources */,
				94CBDAAE1F9E068C00F9369E /* Assets.xcassets in Resources */,
				4D32D56B1FDA8818000A8EE3 /* icon120.png in Resources */,
				4D32D5681FDA8818000A8EE3 /* icon1024.png in Resources */,
				AEBBAD461FC5B23E00C31379 /* SectionTableViewCell.xib in Resources */,
				4D32D5611FDA8818000A8EE3 /* icon152.png in Resources */,
				4D32D5641FDA8818000A8EE3 /* icon29.png in Resources */,
				4D32D56A1FDA8818000A8EE3 /* icon180.png in Resources */,
				4D32D56D1FDA8818000A8EE3 /* icon167.png in Resources */,
			);
			runOnlyForDeploymentPostprocessing = 0;
		};
/* End PBXResourcesBuildPhase section */

/* Begin PBXShellScriptBuildPhase section */
		8A652D723729CC45667325A4 /* [CP] Check Pods Manifest.lock */ = {
			isa = PBXShellScriptBuildPhase;
			buildActionMask = 2147483647;
			files = (
			);
			inputPaths = (
				"${PODS_PODFILE_DIR_PATH}/Podfile.lock",
				"${PODS_ROOT}/Manifest.lock",
			);
			name = "[CP] Check Pods Manifest.lock";
			outputPaths = (
				"$(DERIVED_FILE_DIR)/Pods-FollowersCheck-checkManifestLockResult.txt",
			);
			runOnlyForDeploymentPostprocessing = 0;
			shellPath = /bin/sh;
			shellScript = "diff \"${PODS_PODFILE_DIR_PATH}/Podfile.lock\" \"${PODS_ROOT}/Manifest.lock\" > /dev/null\nif [ $? != 0 ] ; then\n    # print error to STDERR\n    echo \"error: The sandbox is not in sync with the Podfile.lock. Run 'pod install' or update your CocoaPods installation.\" >&2\n    exit 1\nfi\n# This output is used by Xcode 'outputs' to avoid re-running this script phase.\necho \"SUCCESS\" > \"${SCRIPT_OUTPUT_FILE_0}\"\n";
			showEnvVarsInLog = 0;
		};
		9C4BFB5D996DC0A559D13457 /* [CP] Embed Pods Frameworks */ = {
			isa = PBXShellScriptBuildPhase;
			buildActionMask = 2147483647;
			files = (
			);
			inputPaths = (
				"${SRCROOT}/Pods/Target Support Files/Pods-FollowersCheck/Pods-FollowersCheck-frameworks.sh",
				"${BUILT_PRODUCTS_DIR}/Alamofire/Alamofire.framework",
				"${BUILT_PRODUCTS_DIR}/Cache/Cache.framework",
				"${BUILT_PRODUCTS_DIR}/SwiftCharts/SwiftCharts.framework",
			);
			name = "[CP] Embed Pods Frameworks";
			outputPaths = (
				"${TARGET_BUILD_DIR}/${FRAMEWORKS_FOLDER_PATH}/Alamofire.framework",
				"${TARGET_BUILD_DIR}/${FRAMEWORKS_FOLDER_PATH}/Cache.framework",
				"${TARGET_BUILD_DIR}/${FRAMEWORKS_FOLDER_PATH}/SwiftCharts.framework",
			);
			runOnlyForDeploymentPostprocessing = 0;
			shellPath = /bin/sh;
			shellScript = "\"${SRCROOT}/Pods/Target Support Files/Pods-FollowersCheck/Pods-FollowersCheck-frameworks.sh\"\n";
			showEnvVarsInLog = 0;
		};
		D92219852B3926848C47A115 /* [CP] Copy Pods Resources */ = {
			isa = PBXShellScriptBuildPhase;
			buildActionMask = 2147483647;
			files = (
			);
			inputPaths = (
			);
			name = "[CP] Copy Pods Resources";
			outputPaths = (
			);
			runOnlyForDeploymentPostprocessing = 0;
			shellPath = /bin/sh;
			shellScript = "\"${SRCROOT}/Pods/Target Support Files/Pods-FollowersCheck/Pods-FollowersCheck-resources.sh\"\n";
			showEnvVarsInLog = 0;
		};
/* End PBXShellScriptBuildPhase section */

/* Begin PBXSourcesBuildPhase section */
		94CBDA9F1F9E068C00F9369E /* Sources */ = {
			isa = PBXSourcesBuildPhase;
			buildActionMask = 2147483647;
			files = (
				AE93FCCC1FC0500B000E837D /* FollowerListViewController.swift in Sources */,
				944DEE771FB59D4700F076FC /* FollowersGetProtocol.swift in Sources */,
				4D41CFC51FC9952800BAF702 /* FollowersCaching.swift in Sources */,
				AE5665271FC9931B00DFA5A9 /* ProfileTableViewCell.swift in Sources */,
				AE56651D1FC992B600DFA5A9 /* FollowersTableViewController.swift in Sources */,
				4D206B131FD2C28E0001F9A0 /* Network.swift in Sources */,
				AEBBAD451FC5B23E00C31379 /* SectionTableViewCell.swift in Sources */,
				94F036881FA0BDF600010CBF /* LoginViewController.swift in Sources */,
				94F036931FA0BFF300010CBF /* InstagramAPI.swift in Sources */,
				94CBDAA91F9E068C00F9369E /* ViewController.swift in Sources */,
				947429AF1FCDD01F0065194C /* MainViewController.swift in Sources */,
				AE93FCD01FC062E4000E837D /* FollowerDownloader.swift in Sources */,
				AE93FCCE1FC050DD000E837D /* UserViewCell.swift in Sources */,
				94CBDAA71F9E068C00F9369E /* AppDelegate.swift in Sources */,
				940A9F381FB5A0A300308576 /* FollowerMock.swift in Sources */,
			);
			runOnlyForDeploymentPostprocessing = 0;
		};
/* End PBXSourcesBuildPhase section */

/* Begin PBXVariantGroup section */
		94CBDAAF1F9E068C00F9369E /* LaunchScreen.storyboard */ = {
			isa = PBXVariantGroup;
			children = (
				94CBDAB01F9E068C00F9369E /* Base */,
			);
			name = LaunchScreen.storyboard;
			sourceTree = "<group>";
		};
/* End PBXVariantGroup section */

/* Begin XCBuildConfiguration section */
		94CBDAB31F9E068C00F9369E /* Debug */ = {
			isa = XCBuildConfiguration;
			buildSettings = {
				ALWAYS_SEARCH_USER_PATHS = NO;
				CLANG_ANALYZER_NONNULL = YES;
				CLANG_ANALYZER_NUMBER_OBJECT_CONVERSION = YES_AGGRESSIVE;
				CLANG_CXX_LANGUAGE_STANDARD = "gnu++0x";
				CLANG_CXX_LIBRARY = "libc++";
				CLANG_ENABLE_MODULES = YES;
				CLANG_ENABLE_OBJC_ARC = YES;
				CLANG_WARN_BLOCK_CAPTURE_AUTORELEASING = YES;
				CLANG_WARN_BOOL_CONVERSION = YES;
				CLANG_WARN_COMMA = YES;
				CLANG_WARN_CONSTANT_CONVERSION = YES;
				CLANG_WARN_DIRECT_OBJC_ISA_USAGE = YES_ERROR;
				CLANG_WARN_DOCUMENTATION_COMMENTS = YES;
				CLANG_WARN_EMPTY_BODY = YES;
				CLANG_WARN_ENUM_CONVERSION = YES;
				CLANG_WARN_INFINITE_RECURSION = YES;
				CLANG_WARN_INT_CONVERSION = YES;
				CLANG_WARN_NON_LITERAL_NULL_CONVERSION = YES;
				CLANG_WARN_OBJC_LITERAL_CONVERSION = YES;
				CLANG_WARN_OBJC_ROOT_CLASS = YES_ERROR;
				CLANG_WARN_RANGE_LOOP_ANALYSIS = YES;
				CLANG_WARN_STRICT_PROTOTYPES = YES;
				CLANG_WARN_SUSPICIOUS_MOVE = YES;
				CLANG_WARN_UNREACHABLE_CODE = YES;
				CLANG_WARN__DUPLICATE_METHOD_MATCH = YES;
				"CODE_SIGN_IDENTITY[sdk=iphoneos*]" = "iPhone Developer";
				COPY_PHASE_STRIP = NO;
				DEBUG_INFORMATION_FORMAT = dwarf;
				ENABLE_STRICT_OBJC_MSGSEND = YES;
				ENABLE_TESTABILITY = YES;
				GCC_C_LANGUAGE_STANDARD = gnu99;
				GCC_DYNAMIC_NO_PIC = NO;
				GCC_NO_COMMON_BLOCKS = YES;
				GCC_OPTIMIZATION_LEVEL = 0;
				GCC_PREPROCESSOR_DEFINITIONS = (
					"DEBUG=1",
					"$(inherited)",
				);
				GCC_WARN_64_TO_32_BIT_CONVERSION = YES;
				GCC_WARN_ABOUT_RETURN_TYPE = YES_ERROR;
				GCC_WARN_UNDECLARED_SELECTOR = YES;
				GCC_WARN_UNINITIALIZED_AUTOS = YES_AGGRESSIVE;
				GCC_WARN_UNUSED_FUNCTION = YES;
				GCC_WARN_UNUSED_VARIABLE = YES;
				IPHONEOS_DEPLOYMENT_TARGET = 11.0;
				MTL_ENABLE_DEBUG_INFO = YES;
				ONLY_ACTIVE_ARCH = YES;
				SDKROOT = iphoneos;
				SWIFT_ACTIVE_COMPILATION_CONDITIONS = DEBUG;
				SWIFT_OPTIMIZATION_LEVEL = "-Onone";
				TARGETED_DEVICE_FAMILY = "1,2";
			};
			name = Debug;
		};
		94CBDAB41F9E068C00F9369E /* Release */ = {
			isa = XCBuildConfiguration;
			buildSettings = {
				ALWAYS_SEARCH_USER_PATHS = NO;
				CLANG_ANALYZER_NONNULL = YES;
				CLANG_ANALYZER_NUMBER_OBJECT_CONVERSION = YES_AGGRESSIVE;
				CLANG_CXX_LANGUAGE_STANDARD = "gnu++0x";
				CLANG_CXX_LIBRARY = "libc++";
				CLANG_ENABLE_MODULES = YES;
				CLANG_ENABLE_OBJC_ARC = YES;
				CLANG_WARN_BLOCK_CAPTURE_AUTORELEASING = YES;
				CLANG_WARN_BOOL_CONVERSION = YES;
				CLANG_WARN_COMMA = YES;
				CLANG_WARN_CONSTANT_CONVERSION = YES;
				CLANG_WARN_DIRECT_OBJC_ISA_USAGE = YES_ERROR;
				CLANG_WARN_DOCUMENTATION_COMMENTS = YES;
				CLANG_WARN_EMPTY_BODY = YES;
				CLANG_WARN_ENUM_CONVERSION = YES;
				CLANG_WARN_INFINITE_RECURSION = YES;
				CLANG_WARN_INT_CONVERSION = YES;
				CLANG_WARN_NON_LITERAL_NULL_CONVERSION = YES;
				CLANG_WARN_OBJC_LITERAL_CONVERSION = YES;
				CLANG_WARN_OBJC_ROOT_CLASS = YES_ERROR;
				CLANG_WARN_RANGE_LOOP_ANALYSIS = YES;
				CLANG_WARN_STRICT_PROTOTYPES = YES;
				CLANG_WARN_SUSPICIOUS_MOVE = YES;
				CLANG_WARN_UNREACHABLE_CODE = YES;
				CLANG_WARN__DUPLICATE_METHOD_MATCH = YES;
				"CODE_SIGN_IDENTITY[sdk=iphoneos*]" = "iPhone Developer";
				COPY_PHASE_STRIP = NO;
				DEBUG_INFORMATION_FORMAT = "dwarf-with-dsym";
				ENABLE_NS_ASSERTIONS = NO;
				ENABLE_STRICT_OBJC_MSGSEND = YES;
				GCC_C_LANGUAGE_STANDARD = gnu99;
				GCC_NO_COMMON_BLOCKS = YES;
				GCC_WARN_64_TO_32_BIT_CONVERSION = YES;
				GCC_WARN_ABOUT_RETURN_TYPE = YES_ERROR;
				GCC_WARN_UNDECLARED_SELECTOR = YES;
				GCC_WARN_UNINITIALIZED_AUTOS = YES_AGGRESSIVE;
				GCC_WARN_UNUSED_FUNCTION = YES;
				GCC_WARN_UNUSED_VARIABLE = YES;
				IPHONEOS_DEPLOYMENT_TARGET = 11.0;
				MTL_ENABLE_DEBUG_INFO = NO;
				SDKROOT = iphoneos;
				SWIFT_OPTIMIZATION_LEVEL = "-Owholemodule";
				TARGETED_DEVICE_FAMILY = "1,2";
				VALIDATE_PRODUCT = YES;
			};
			name = Release;
		};
		94CBDAB61F9E068C00F9369E /* Debug */ = {
			isa = XCBuildConfiguration;
			baseConfigurationReference = 3FDD632E253584FFC64EA256 /* Pods-FollowersCheck.debug.xcconfig */;
			buildSettings = {
				ALWAYS_EMBED_SWIFT_STANDARD_LIBRARIES = YES;
				ASSETCATALOG_COMPILER_APPICON_NAME = AppIcon;
				DEVELOPMENT_TEAM = 9XE57L34DX;
				INFOPLIST_FILE = FollowersCheck/Info.plist;
				IPHONEOS_DEPLOYMENT_TARGET = 11.0;
				LD_RUNPATH_SEARCH_PATHS = "$(inherited) @executable_path/Frameworks";
				PRODUCT_BUNDLE_IDENTIFIER = PMUGroup.FollowersCheck;
				PRODUCT_NAME = "$(TARGET_NAME)";
				SWIFT_VERSION = 3.0;
			};
			name = Debug;
		};
		94CBDAB71F9E068C00F9369E /* Release */ = {
			isa = XCBuildConfiguration;
			baseConfigurationReference = 1AF800F4B8578D1AB12FD98E /* Pods-FollowersCheck.release.xcconfig */;
			buildSettings = {
				ALWAYS_EMBED_SWIFT_STANDARD_LIBRARIES = YES;
				ASSETCATALOG_COMPILER_APPICON_NAME = AppIcon;
				DEVELOPMENT_TEAM = 9XE57L34DX;
				INFOPLIST_FILE = FollowersCheck/Info.plist;
				IPHONEOS_DEPLOYMENT_TARGET = 11.0;
				LD_RUNPATH_SEARCH_PATHS = "$(inherited) @executable_path/Frameworks";
				PRODUCT_BUNDLE_IDENTIFIER = PMUGroup.FollowersCheck;
				PRODUCT_NAME = "$(TARGET_NAME)";
				SWIFT_VERSION = 3.0;
			};
			name = Release;
		};
/* End XCBuildConfiguration section */

/* Begin XCConfigurationList section */
		94CBDA9E1F9E068C00F9369E /* Build configuration list for PBXProject "FollowersCheck" */ = {
			isa = XCConfigurationList;
			buildConfigurations = (
				94CBDAB31F9E068C00F9369E /* Debug */,
				94CBDAB41F9E068C00F9369E /* Release */,
			);
			defaultConfigurationIsVisible = 0;
			defaultConfigurationName = Release;
		};
		94CBDAB51F9E068C00F9369E /* Build configuration list for PBXNativeTarget "FollowersCheck" */ = {
			isa = XCConfigurationList;
			buildConfigurations = (
				94CBDAB61F9E068C00F9369E /* Debug */,
				94CBDAB71F9E068C00F9369E /* Release */,
			);
			defaultConfigurationIsVisible = 0;
			defaultConfigurationName = Release;
		};
/* End XCConfigurationList section */
	};
	rootObject = 94CBDA9B1F9E068C00F9369E /* Project object */;
}
