// !$*UTF8*$!
{
	archiveVersion = 1;
	classes = {
	};
	objectVersion = 46;
	objects = {

/* Begin PBXBuildFile section */
		940735541F9E115F005AB190 /* Alamofire.framework in Frameworks */ = {isa = PBXBuildFile; fileRef = 940735471F9E1149005AB190 /* Alamofire.framework */; };
		940735551F9E115F005AB190 /* Alamofire.framework in Embed Frameworks */ = {isa = PBXBuildFile; fileRef = 940735471F9E1149005AB190 /* Alamofire.framework */; settings = {ATTRIBUTES = (CodeSignOnCopy, RemoveHeadersOnCopy, ); }; };
		94CBDAA71F9E068C00F9369E /* AppDelegate.swift in Sources */ = {isa = PBXBuildFile; fileRef = 94CBDAA61F9E068C00F9369E /* AppDelegate.swift */; };
		94CBDAA91F9E068C00F9369E /* ViewController.swift in Sources */ = {isa = PBXBuildFile; fileRef = 94CBDAA81F9E068C00F9369E /* ViewController.swift */; };
		94CBDAAC1F9E068C00F9369E /* Main.storyboard in Resources */ = {isa = PBXBuildFile; fileRef = 94CBDAAA1F9E068C00F9369E /* Main.storyboard */; };
		94CBDAAE1F9E068C00F9369E /* Assets.xcassets in Resources */ = {isa = PBXBuildFile; fileRef = 94CBDAAD1F9E068C00F9369E /* Assets.xcassets */; };
		94CBDAB11F9E068C00F9369E /* LaunchScreen.storyboard in Resources */ = {isa = PBXBuildFile; fileRef = 94CBDAAF1F9E068C00F9369E /* LaunchScreen.storyboard */; };
/* End PBXBuildFile section */

/* Begin PBXContainerItemProxy section */
		940735461F9E1149005AB190 /* PBXContainerItemProxy */ = {
			isa = PBXContainerItemProxy;
			containerPortal = 9407353B1F9E1149005AB190 /* Alamofire.xcodeproj */;
			proxyType = 2;
			remoteGlobalIDString = F8111E3319A95C8B0040E7D1;
			remoteInfo = "Alamofire iOS";
		};
		940735481F9E1149005AB190 /* PBXContainerItemProxy */ = {
			isa = PBXContainerItemProxy;
			containerPortal = 9407353B1F9E1149005AB190 /* Alamofire.xcodeproj */;
			proxyType = 2;
			remoteGlobalIDString = F8111E3E19A95C8B0040E7D1;
			remoteInfo = "Alamofire iOS Tests";
		};
		9407354A1F9E1149005AB190 /* PBXContainerItemProxy */ = {
			isa = PBXContainerItemProxy;
			containerPortal = 9407353B1F9E1149005AB190 /* Alamofire.xcodeproj */;
			proxyType = 2;
			remoteGlobalIDString = 4DD67C0B1A5C55C900ED2280;
			remoteInfo = "Alamofire macOS";
		};
		9407354C1F9E1149005AB190 /* PBXContainerItemProxy */ = {
			isa = PBXContainerItemProxy;
			containerPortal = 9407353B1F9E1149005AB190 /* Alamofire.xcodeproj */;
			proxyType = 2;
			remoteGlobalIDString = F829C6B21A7A94F100A2CD59;
			remoteInfo = "Alamofire macOS Tests";
		};
		9407354E1F9E1149005AB190 /* PBXContainerItemProxy */ = {
			isa = PBXContainerItemProxy;
			containerPortal = 9407353B1F9E1149005AB190 /* Alamofire.xcodeproj */;
			proxyType = 2;
			remoteGlobalIDString = 4CF626EF1BA7CB3E0011A099;
			remoteInfo = "Alamofire tvOS";
		};
		940735501F9E1149005AB190 /* PBXContainerItemProxy */ = {
			isa = PBXContainerItemProxy;
			containerPortal = 9407353B1F9E1149005AB190 /* Alamofire.xcodeproj */;
			proxyType = 2;
			remoteGlobalIDString = 4CF626F81BA7CB3E0011A099;
			remoteInfo = "Alamofire tvOS Tests";
		};
		940735521F9E1149005AB190 /* PBXContainerItemProxy */ = {
			isa = PBXContainerItemProxy;
			containerPortal = 9407353B1F9E1149005AB190 /* Alamofire.xcodeproj */;
			proxyType = 2;
			remoteGlobalIDString = E4202FE01B667AA100C997FB;
			remoteInfo = "Alamofire watchOS";
		};
		940735561F9E115F005AB190 /* PBXContainerItemProxy */ = {
			isa = PBXContainerItemProxy;
			containerPortal = 9407353B1F9E1149005AB190 /* Alamofire.xcodeproj */;
			proxyType = 1;
			remoteGlobalIDString = F8111E3219A95C8B0040E7D1;
			remoteInfo = "Alamofire iOS";
		};
/* End PBXContainerItemProxy section */

/* Begin PBXCopyFilesBuildPhase section */
		94EB5F0F1F9E0AF500BB62C1 /* Embed Frameworks */ = {
			isa = PBXCopyFilesBuildPhase;
			buildActionMask = 2147483647;
			dstPath = "";
			dstSubfolderSpec = 10;
			files = (
				940735551F9E115F005AB190 /* Alamofire.framework in Embed Frameworks */,
			);
			name = "Embed Frameworks";
			runOnlyForDeploymentPostprocessing = 0;
		};
/* End PBXCopyFilesBuildPhase section */

/* Begin PBXFileReference section */
		9407353B1F9E1149005AB190 /* Alamofire.xcodeproj */ = {isa = PBXFileReference; lastKnownFileType = "wrapper.pb-project"; name = Alamofire.xcodeproj; path = "Alamofire-master/Alamofire.xcodeproj"; sourceTree = "<group>"; };
		94CBDAA31F9E068C00F9369E /* FollowersCheck.app */ = {isa = PBXFileReference; explicitFileType = wrapper.application; includeInIndex = 0; path = FollowersCheck.app; sourceTree = BUILT_PRODUCTS_DIR; };
		94CBDAA61F9E068C00F9369E /* AppDelegate.swift */ = {isa = PBXFileReference; lastKnownFileType = sourcecode.swift; path = AppDelegate.swift; sourceTree = "<group>"; };
		94CBDAA81F9E068C00F9369E /* ViewController.swift */ = {isa = PBXFileReference; lastKnownFileType = sourcecode.swift; path = ViewController.swift; sourceTree = "<group>"; };
		94CBDAAB1F9E068C00F9369E /* Base */ = {isa = PBXFileReference; lastKnownFileType = file.storyboard; name = Base; path = Base.lproj/Main.storyboard; sourceTree = "<group>"; };
		94CBDAAD1F9E068C00F9369E /* Assets.xcassets */ = {isa = PBXFileReference; lastKnownFileType = folder.assetcatalog; path = Assets.xcassets; sourceTree = "<group>"; };
		94CBDAB01F9E068C00F9369E /* Base */ = {isa = PBXFileReference; lastKnownFileType = file.storyboard; name = Base; path = Base.lproj/LaunchScreen.storyboard; sourceTree = "<group>"; };
		94CBDAB21F9E068C00F9369E /* Info.plist */ = {isa = PBXFileReference; lastKnownFileType = text.plist.xml; path = Info.plist; sourceTree = "<group>"; };
/* End PBXFileReference section */

/* Begin PBXFrameworksBuildPhase section */
		94CBDAA01F9E068C00F9369E /* Frameworks */ = {
			isa = PBXFrameworksBuildPhase;
			buildActionMask = 2147483647;
			files = (
				940735541F9E115F005AB190 /* Alamofire.framework in Frameworks */,
			);
			runOnlyForDeploymentPostprocessing = 0;
		};
/* End PBXFrameworksBuildPhase section */

/* Begin PBXGroup section */
		9407353C1F9E1149005AB190 /* Products */ = {
			isa = PBXGroup;
			children = (
				940735471F9E1149005AB190 /* Alamofire.framework */,
				940735491F9E1149005AB190 /* Alamofire iOS Tests.xctest */,
				9407354B1F9E1149005AB190 /* Alamofire.framework */,
				9407354D1F9E1149005AB190 /* Alamofire macOS Tests.xctest */,
				9407354F1F9E1149005AB190 /* Alamofire.framework */,
				940735511F9E1149005AB190 /* Alamofire tvOS Tests.xctest */,
				940735531F9E1149005AB190 /* Alamofire.framework */,
			);
			name = Products;
			sourceTree = "<group>";
		};
		94CBDA9A1F9E068C00F9369E = {
			isa = PBXGroup;
			children = (
				9407353B1F9E1149005AB190 /* Alamofire.xcodeproj */,
				94CBDAA51F9E068C00F9369E /* FollowersCheck */,
				94CBDAA41F9E068C00F9369E /* Products */,
			);
			sourceTree = "<group>";
		};
		94CBDAA41F9E068C00F9369E /* Products */ = {
			isa = PBXGroup;
			children = (
				94CBDAA31F9E068C00F9369E /* FollowersCheck.app */,
			);
			name = Products;
			sourceTree = "<group>";
		};
		94CBDAA51F9E068C00F9369E /* FollowersCheck */ = {
			isa = PBXGroup;
			children = (
				94CBDAA61F9E068C00F9369E /* AppDelegate.swift */,
				94CBDAA81F9E068C00F9369E /* ViewController.swift */,
				94CBDAAA1F9E068C00F9369E /* Main.storyboard */,
				94CBDAAD1F9E068C00F9369E /* Assets.xcassets */,
				94CBDAAF1F9E068C00F9369E /* LaunchScreen.storyboard */,
				94CBDAB21F9E068C00F9369E /* Info.plist */,
			);
			path = FollowersCheck;
			sourceTree = "<group>";
		};
/* End PBXGroup section */

/* Begin PBXNativeTarget section */
		94CBDAA21F9E068C00F9369E /* FollowersCheck */ = {
			isa = PBXNativeTarget;
			buildConfigurationList = 94CBDAB51F9E068C00F9369E /* Build configuration list for PBXNativeTarget "FollowersCheck" */;
			buildPhases = (
				94CBDA9F1F9E068C00F9369E /* Sources */,
				94CBDAA01F9E068C00F9369E /* Frameworks */,
				94CBDAA11F9E068C00F9369E /* Resources */,
				94EB5F0F1F9E0AF500BB62C1 /* Embed Frameworks */,
			);
			buildRules = (
			);
			dependencies = (
				940735571F9E115F005AB190 /* PBXTargetDependency */,
			);
			name = FollowersCheck;
			productName = FollowersCheck;
			productReference = 94CBDAA31F9E068C00F9369E /* FollowersCheck.app */;
			productType = "com.apple.product-type.application";
		};
/* End PBXNativeTarget section */

/* Begin PBXProject section */
		94CBDA9B1F9E068C00F9369E /* Project object */ = {
			isa = PBXProject;
			attributes = {
				LastSwiftUpdateCheck = 0830;
				LastUpgradeCheck = 0830;
				ORGANIZATIONNAME = PMUGroup;
				TargetAttributes = {
					94CBDAA21F9E068C00F9369E = {
						CreatedOnToolsVersion = 8.3.3;
						ProvisioningStyle = Automatic;
					};
				};
			};
			buildConfigurationList = 94CBDA9E1F9E068C00F9369E /* Build configuration list for PBXProject "FollowersCheck" */;
			compatibilityVersion = "Xcode 3.2";
			developmentRegion = English;
			hasScannedForEncodings = 0;
			knownRegions = (
				en,
				Base,
			);
			mainGroup = 94CBDA9A1F9E068C00F9369E;
			productRefGroup = 94CBDAA41F9E068C00F9369E /* Products */;
			projectDirPath = "";
			projectReferences = (
				{
					ProductGroup = 9407353C1F9E1149005AB190 /* Products */;
					ProjectRef = 9407353B1F9E1149005AB190 /* Alamofire.xcodeproj */;
				},
			);
			projectRoot = "";
			targets = (
				94CBDAA21F9E068C00F9369E /* FollowersCheck */,
			);
		};
/* End PBXProject section */

/* Begin PBXReferenceProxy section */
		940735471F9E1149005AB190 /* Alamofire.framework */ = {
			isa = PBXReferenceProxy;
			fileType = wrapper.framework;
			path = Alamofire.framework;
			remoteRef = 940735461F9E1149005AB190 /* PBXContainerItemProxy */;
			sourceTree = BUILT_PRODUCTS_DIR;
		};
		940735491F9E1149005AB190 /* Alamofire iOS Tests.xctest */ = {
			isa = PBXReferenceProxy;
			fileType = wrapper.cfbundle;
			path = "Alamofire iOS Tests.xctest";
			remoteRef = 940735481F9E1149005AB190 /* PBXContainerItemProxy */;
			sourceTree = BUILT_PRODUCTS_DIR;
		};
		9407354B1F9E1149005AB190 /* Alamofire.framework */ = {
			isa = PBXReferenceProxy;
			fileType = wrapper.framework;
			path = Alamofire.framework;
			remoteRef = 9407354A1F9E1149005AB190 /* PBXContainerItemProxy */;
			sourceTree = BUILT_PRODUCTS_DIR;
		};
		9407354D1F9E1149005AB190 /* Alamofire macOS Tests.xctest */ = {
			isa = PBXReferenceProxy;
			fileType = wrapper.cfbundle;
			path = "Alamofire macOS Tests.xctest";
			remoteRef = 9407354C1F9E1149005AB190 /* PBXContainerItemProxy */;
			sourceTree = BUILT_PRODUCTS_DIR;
		};
		9407354F1F9E1149005AB190 /* Alamofire.framework */ = {
			isa = PBXReferenceProxy;
			fileType = wrapper.framework;
			path = Alamofire.framework;
			remoteRef = 9407354E1F9E1149005AB190 /* PBXContainerItemProxy */;
			sourceTree = BUILT_PRODUCTS_DIR;
		};
		940735511F9E1149005AB190 /* Alamofire tvOS Tests.xctest */ = {
			isa = PBXReferenceProxy;
			fileType = wrapper.cfbundle;
			path = "Alamofire tvOS Tests.xctest";
			remoteRef = 940735501F9E1149005AB190 /* PBXContainerItemProxy */;
			sourceTree = BUILT_PRODUCTS_DIR;
		};
		940735531F9E1149005AB190 /* Alamofire.framework */ = {
			isa = PBXReferenceProxy;
			fileType = wrapper.framework;
			path = Alamofire.framework;
			remoteRef = 940735521F9E1149005AB190 /* PBXContainerItemProxy */;
			sourceTree = BUILT_PRODUCTS_DIR;
		};
/* End PBXReferenceProxy section */

/* Begin PBXResourcesBuildPhase section */
		94CBDAA11F9E068C00F9369E /* Resources */ = {
			isa = PBXResourcesBuildPhase;
			buildActionMask = 2147483647;
			files = (
				94CBDAB11F9E068C00F9369E /* LaunchScreen.storyboard in Resources */,
				94CBDAAE1F9E068C00F9369E /* Assets.xcassets in Resources */,
				94CBDAAC1F9E068C00F9369E /* Main.storyboard in Resources */,
			);
			runOnlyForDeploymentPostprocessing = 0;
		};
/* End PBXResourcesBuildPhase section */

/* Begin PBXSourcesBuildPhase section */
		94CBDA9F1F9E068C00F9369E /* Sources */ = {
			isa = PBXSourcesBuildPhase;
			buildActionMask = 2147483647;
			files = (
				94CBDAA91F9E068C00F9369E /* ViewController.swift in Sources */,
				94CBDAA71F9E068C00F9369E /* AppDelegate.swift in Sources */,
			);
			runOnlyForDeploymentPostprocessing = 0;
		};
/* End PBXSourcesBuildPhase section */

/* Begin PBXTargetDependency section */
		940735571F9E115F005AB190 /* PBXTargetDependency */ = {
			isa = PBXTargetDependency;
			name = "Alamofire iOS";
			targetProxy = 940735561F9E115F005AB190 /* PBXContainerItemProxy */;
		};
/* End PBXTargetDependency section */

/* Begin PBXVariantGroup section */
		94CBDAAA1F9E068C00F9369E /* Main.storyboard */ = {
			isa = PBXVariantGroup;
			children = (
				94CBDAAB1F9E068C00F9369E /* Base */,
			);
			name = Main.storyboard;
			sourceTree = "<group>";
		};
		94CBDAAF1F9E068C00F9369E /* LaunchScreen.storyboard */ = {
			isa = PBXVariantGroup;
			children = (
				94CBDAB01F9E068C00F9369E /* Base */,
			);
			name = LaunchScreen.storyboard;
			sourceTree = "<group>";
		};
/* End PBXVariantGroup section */

/* Begin XCBuildConfiguration section */
		94CBDAB31F9E068C00F9369E /* Debug */ = {
			isa = XCBuildConfiguration;
			buildSettings = {
				ALWAYS_SEARCH_USER_PATHS = NO;
				CLANG_ANALYZER_NONNULL = YES;
				CLANG_ANALYZER_NUMBER_OBJECT_CONVERSION = YES_AGGRESSIVE;
				CLANG_CXX_LANGUAGE_STANDARD = "gnu++0x";
				CLANG_CXX_LIBRARY = "libc++";
				CLANG_ENABLE_MODULES = YES;
				CLANG_ENABLE_OBJC_ARC = YES;
				CLANG_WARN_BOOL_CONVERSION = YES;
				CLANG_WARN_CONSTANT_CONVERSION = YES;
				CLANG_WARN_DIRECT_OBJC_ISA_USAGE = YES_ERROR;
				CLANG_WARN_DOCUMENTATION_COMMENTS = YES;
				CLANG_WARN_EMPTY_BODY = YES;
				CLANG_WARN_ENUM_CONVERSION = YES;
				CLANG_WARN_INFINITE_RECURSION = YES;
				CLANG_WARN_INT_CONVERSION = YES;
				CLANG_WARN_OBJC_ROOT_CLASS = YES_ERROR;
				CLANG_WARN_SUSPICIOUS_MOVE = YES;
				CLANG_WARN_UNREACHABLE_CODE = YES;
				CLANG_WARN__DUPLICATE_METHOD_MATCH = YES;
				"CODE_SIGN_IDENTITY[sdk=iphoneos*]" = "iPhone Developer";
				COPY_PHASE_STRIP = NO;
				DEBUG_INFORMATION_FORMAT = dwarf;
				ENABLE_STRICT_OBJC_MSGSEND = YES;
				ENABLE_TESTABILITY = YES;
				GCC_C_LANGUAGE_STANDARD = gnu99;
				GCC_DYNAMIC_NO_PIC = NO;
				GCC_NO_COMMON_BLOCKS = YES;
				GCC_OPTIMIZATION_LEVEL = 0;
				GCC_PREPROCESSOR_DEFINITIONS = (
					"DEBUG=1",
					"$(inherited)",
				);
				GCC_WARN_64_TO_32_BIT_CONVERSION = YES;
				GCC_WARN_ABOUT_RETURN_TYPE = YES_ERROR;
				GCC_WARN_UNDECLARED_SELECTOR = YES;
				GCC_WARN_UNINITIALIZED_AUTOS = YES_AGGRESSIVE;
				GCC_WARN_UNUSED_FUNCTION = YES;
				GCC_WARN_UNUSED_VARIABLE = YES;
				IPHONEOS_DEPLOYMENT_TARGET = 10.3;
				MTL_ENABLE_DEBUG_INFO = YES;
				ONLY_ACTIVE_ARCH = YES;
				SDKROOT = iphoneos;
				SWIFT_ACTIVE_COMPILATION_CONDITIONS = DEBUG;
				SWIFT_OPTIMIZATION_LEVEL = "-Onone";
				TARGETED_DEVICE_FAMILY = "1,2";
			};
			name = Debug;
		};
		94CBDAB41F9E068C00F9369E /* Release */ = {
			isa = XCBuildConfiguration;
			buildSettings = {
				ALWAYS_SEARCH_USER_PATHS = NO;
				CLANG_ANALYZER_NONNULL = YES;
				CLANG_ANALYZER_NUMBER_OBJECT_CONVERSION = YES_AGGRESSIVE;
				CLANG_CXX_LANGUAGE_STANDARD = "gnu++0x";
				CLANG_CXX_LIBRARY = "libc++";
				CLANG_ENABLE_MODULES = YES;
				CLANG_ENABLE_OBJC_ARC = YES;
				CLANG_WARN_BOOL_CONVERSION = YES;
				CLANG_WARN_CONSTANT_CONVERSION = YES;
				CLANG_WARN_DIRECT_OBJC_ISA_USAGE = YES_ERROR;
				CLANG_WARN_DOCUMENTATION_COMMENTS = YES;
				CLANG_WARN_EMPTY_BODY = YES;
				CLANG_WARN_ENUM_CONVERSION = YES;
				CLANG_WARN_INFINITE_RECURSION = YES;
				CLANG_WARN_INT_CONVERSION = YES;
				CLANG_WARN_OBJC_ROOT_CLASS = YES_ERROR;
				CLANG_WARN_SUSPICIOUS_MOVE = YES;
				CLANG_WARN_UNREACHABLE_CODE = YES;
				CLANG_WARN__DUPLICATE_METHOD_MATCH = YES;
				"CODE_SIGN_IDENTITY[sdk=iphoneos*]" = "iPhone Developer";
				COPY_PHASE_STRIP = NO;
				DEBUG_INFORMATION_FORMAT = "dwarf-with-dsym";
				ENABLE_NS_ASSERTIONS = NO;
				ENABLE_STRICT_OBJC_MSGSEND = YES;
				GCC_C_LANGUAGE_STANDARD = gnu99;
				GCC_NO_COMMON_BLOCKS = YES;
				GCC_WARN_64_TO_32_BIT_CONVERSION = YES;
				GCC_WARN_ABOUT_RETURN_TYPE = YES_ERROR;
				GCC_WARN_UNDECLARED_SELECTOR = YES;
				GCC_WARN_UNINITIALIZED_AUTOS = YES_AGGRESSIVE;
				GCC_WARN_UNUSED_FUNCTION = YES;
				GCC_WARN_UNUSED_VARIABLE = YES;
				IPHONEOS_DEPLOYMENT_TARGET = 10.3;
				MTL_ENABLE_DEBUG_INFO = NO;
				SDKROOT = iphoneos;
				SWIFT_OPTIMIZATION_LEVEL = "-Owholemodule";
				TARGETED_DEVICE_FAMILY = "1,2";
				VALIDATE_PRODUCT = YES;
			};
			name = Release;
		};
		94CBDAB61F9E068C00F9369E /* Debug */ = {
			isa = XCBuildConfiguration;
			buildSettings = {
				ALWAYS_EMBED_SWIFT_STANDARD_LIBRARIES = YES;
				ASSETCATALOG_COMPILER_APPICON_NAME = AppIcon;
				INFOPLIST_FILE = FollowersCheck/Info.plist;
				LD_RUNPATH_SEARCH_PATHS = "$(inherited) @executable_path/Frameworks";
				PRODUCT_BUNDLE_IDENTIFIER = PMUGroup.FollowersCheck;
				PRODUCT_NAME = "$(TARGET_NAME)";
				SWIFT_VERSION = 3.0;
			};
			name = Debug;
		};
		94CBDAB71F9E068C00F9369E /* Release */ = {
			isa = XCBuildConfiguration;
			buildSettings = {
				ALWAYS_EMBED_SWIFT_STANDARD_LIBRARIES = YES;
				ASSETCATALOG_COMPILER_APPICON_NAME = AppIcon;
				INFOPLIST_FILE = FollowersCheck/Info.plist;
				LD_RUNPATH_SEARCH_PATHS = "$(inherited) @executable_path/Frameworks";
				PRODUCT_BUNDLE_IDENTIFIER = PMUGroup.FollowersCheck;
				PRODUCT_NAME = "$(TARGET_NAME)";
				SWIFT_VERSION = 3.0;
			};
			name = Release;
		};
/* End XCBuildConfiguration section */

/* Begin XCConfigurationList section */
		94CBDA9E1F9E068C00F9369E /* Build configuration list for PBXProject "FollowersCheck" */ = {
			isa = XCConfigurationList;
			buildConfigurations = (
				94CBDAB31F9E068C00F9369E /* Debug */,
				94CBDAB41F9E068C00F9369E /* Release */,
			);
			defaultConfigurationIsVisible = 0;
			defaultConfigurationName = Release;
		};
		94CBDAB51F9E068C00F9369E /* Build configuration list for PBXNativeTarget "FollowersCheck" */ = {
			isa = XCConfigurationList;
			buildConfigurations = (
				94CBDAB61F9E068C00F9369E /* Debug */,
				94CBDAB71F9E068C00F9369E /* Release */,
			);
			defaultConfigurationIsVisible = 0;
			defaultConfigurationName = Release;
		};
/* End XCConfigurationList section */
	};
	rootObject = 94CBDA9B1F9E068C00F9369E /* Project object */;
}
